
Microsoft Visual Studio Solution File, Format Version 12.00
# Visual Studio 2012
Project("{FAE04EC0-301F-11D3-BF4B-00C04F79EFBC}") = "ObservableImmutableDemo", "ObservableImmutableDemo\ObservableImmutableDemo.csproj", "{8883734D-B6B0-4210-9746-108A126EB84A}"
EndProject
Project("{FAE04EC0-301F-11D3-BF4B-00C04F79EFBC}") = "ObservableImmutable", "ObservableImmutable\ObservableImmutable.csproj", "{D1F67DEF-F9F7-4F9E-966D-748CFB37AA46}"
EndProject
Global
	GlobalSection(SolutionConfigurationPlatforms) = preSolution
		Debug|Any CPU = Debug|Any CPU
		Release|Any CPU = Release|Any CPU
	EndGlobalSection
	GlobalSection(ProjectConfigurationPlatforms) = postSolution
		{8883734D-B6B0-4210-9746-108A126EB84A}.Debug|Any CPU.ActiveCfg = Debug|Any CPU
		{8883734D-B6B0-4210-9746-108A126EB84A}.Debug|Any CPU.Build.0 = Debug|Any CPU
		{8883734D-B6B0-4210-9746-108A126EB84A}.Release|Any CPU.ActiveCfg = Release|Any CPU
		{8883734D-B6B0-4210-9746-108A126EB84A}.Release|Any CPU.Build.0 = Release|Any CPU
		{D1F67DEF-F9F7-4F9E-966D-748CFB37AA46}.Debug|Any CPU.ActiveCfg = Debug|Any CPU
		{D1F67DEF-F9F7-4F9E-966D-748CFB37AA46}.Debug|Any CPU.Build.0 = Debug|Any CPU
		{D1F67DEF-F9F7-4F9E-966D-748CFB37AA46}.Release|Any CPU.ActiveCfg = Release|Any CPU
		{D1F67DEF-F9F7-4F9E-966D-748CFB37AA46}.Release|Any CPU.Build.0 = Release|Any CPU
	EndGlobalSection
	GlobalSection(SolutionProperties) = preSolution
		HideSolutionNode = FALSE
	EndGlobalSection
EndGlobal
